
Microsoft Visual Studio Solution File, Format Version 12.00
# Visual Studio Version 17
VisualStudioVersion = 17.1.32228.430
MinimumVisualStudioVersion = 10.0.40219.1
Project("{9A19103F-16F7-4668-BE54-9A1E7A4F7556}") = "cht", "cht\cht.csproj", "{E84D6AEB-78EE-4023-B66B-178A6B1669C6}"
EndProject
Global
	GlobalSection(SolutionConfigurationPlatforms) = preSolution
		Debug|Any CPU = Debug|Any CPU
		Debug|x86 = Debug|x86
		Release|Any CPU = Release|Any CPU
		Release|x86 = Release|x86
	EndGlobalSection
	GlobalSection(ProjectConfigurationPlatforms) = postSolution
		{E84D6AEB-78EE-4023-B66B-178A6B1669C6}.Debug|Any CPU.ActiveCfg = Debug|Any CPU
		{E84D6AEB-78EE-4023-B66B-178A6B1669C6}.Debug|Any CPU.Build.0 = Debug|Any CPU
		{E84D6AEB-78EE-4023-B66B-178A6B1669C6}.Debug|x86.ActiveCfg = Debug|x86
		{E84D6AEB-78EE-4023-B66B-178A6B1669C6}.Debug|x86.Build.0 = Debug|x86
		{E84D6AEB-78EE-4023-B66B-178A6B1669C6}.Release|Any CPU.ActiveCfg = Release|Any CPU
		{E84D6AEB-78EE-4023-B66B-178A6B1669C6}.Release|Any CPU.Build.0 = Release|Any CPU
		{E84D6AEB-78EE-4023-B66B-178A6B1669C6}.Release|x86.ActiveCfg = Release|x86
		{E84D6AEB-78EE-4023-B66B-178A6B1669C6}.Release|x86.Build.0 = Release|x86
	EndGlobalSection
	GlobalSection(SolutionProperties) = preSolution
		HideSolutionNode = FALSE
	EndGlobalSection
	GlobalSection(ExtensibilityGlobals) = postSolution
		SolutionGuid = {31594D84-10F7-42D1-8522-428300324CBA}
	EndGlobalSection
EndGlobal
